
Microsoft Visual Studio Solution File, Format Version 12.00
# Visual Studio 15
VisualStudioVersion = 15.0.28306.52
MinimumVisualStudioVersion = 10.0.40219.1
Project("{FAE04EC0-301F-11D3-BF4B-00C04F79EFBC}") = "Rezerve.Desktop", "Rezerve.Desktop\Rezerve.Desktop.csproj", "{56853476-EC19-4B5E-B0B7-69EFF86243B4}"
EndProject
Global
	GlobalSection(SolutionConfigurationPlatforms) = preSolution
		Debug|Any CPU = Debug|Any CPU
		Release|Any CPU = Release|Any CPU
	EndGlobalSection
	GlobalSection(ProjectConfigurationPlatforms) = postSolution
		{56853476-EC19-4B5E-B0B7-69EFF86243B4}.Debug|Any CPU.ActiveCfg = Debug|Any CPU
		{56853476-EC19-4B5E-B0B7-69EFF86243B4}.Debug|Any CPU.Build.0 = Debug|Any CPU
		{56853476-EC19-4B5E-B0B7-69EFF86243B4}.Release|Any CPU.ActiveCfg = Release|Any CPU
		{56853476-EC19-4B5E-B0B7-69EFF86243B4}.Release|Any CPU.Build.0 = Release|Any CPU
	EndGlobalSection
	GlobalSection(SolutionProperties) = preSolution
		HideSolutionNode = FALSE
	EndGlobalSection
	GlobalSection(ExtensibilityGlobals) = postSolution
		SolutionGuid = {5786692C-BE9E-4111-9F9B-6D8BDD5A75AB}
	EndGlobalSection
EndGlobal
